
Microsoft Visual Studio Solution File, Format Version 12.00
# Visual Studio Version 16
VisualStudioVersion = 16.0.31410.357
MinimumVisualStudioVersion = 10.0.40219.1
Project("{8BC9CEB8-8B4A-11D0-8D11-00A0C91BC942}") = "Lesson1", "Lesson1\Lesson1.vcxproj", "{0D065691-C2A5-49FE-8565-F73253EBD5F3}"
EndProject
Project("{8BC9CEB8-8B4A-11D0-8D11-00A0C91BC942}") = "Lesson2", "Lesson2\Lesson2.vcxproj", "{43B4ED65-C86F-4DA8-812C-6F8B29AB9D4F}"
EndProject
Project("{8BC9CEB8-8B4A-11D0-8D11-00A0C91BC942}") = "Lesson3", "Lesson3\Lesson3.vcxproj", "{68506EC7-ADD3-4243-A239-EF9B4E6EBE1C}"
EndProject
Project("{8BC9CEB8-8B4A-11D0-8D11-00A0C91BC942}") = "Lesson4", "Lesson4\Lesson4.vcxproj", "{0799F083-5D7A-4B8B-84BE-2D39FBA46295}"
EndProject
Project("{8BC9CEB8-8B4A-11D0-8D11-00A0C91BC942}") = "Lesson5", "Lesson5\Lesson5.vcxproj", "{6AD071A0-29BF-4292-879B-698F1E68E5D8}"
EndProject
Project("{8BC9CEB8-8B4A-11D0-8D11-00A0C91BC942}") = "Lesson6", "Lesson6\Lesson6.vcxproj", "{11A9CA09-A728-4530-86F4-EB3CD91BE9C2}"
EndProject
Project("{8BC9CEB8-8B4A-11D0-8D11-00A0C91BC942}") = "Lesson7", "Lesson7\Lesson7.vcxproj", "{8367B16B-027F-4783-A520-1412153D9C44}"
EndProject
Project("{8BC9CEB8-8B4A-11D0-8D11-00A0C91BC942}") = "Lesson8", "Lesson8\Lesson8.vcxproj", "{02CAFFD9-E588-4ECC-A05B-1860601A7FC6}"
EndProject
Project("{8BC9CEB8-8B4A-11D0-8D11-00A0C91BC942}") = "Lesson9", "Lesson9\Lesson9.vcxproj", "{3B4F74B6-3474-421A-9C7B-F8FE1B34737F}"
EndProject
Project("{8BC9CEB8-8B4A-11D0-8D11-00A0C91BC942}") = "Lessons10", "Lessons10\Lessons10.vcxproj", "{C0993F62-1FFA-410A-880A-339379157708}"
EndProject
Global
	GlobalSection(SolutionConfigurationPlatforms) = preSolution
		Debug|x64 = Debug|x64
		Debug|x86 = Debug|x86
		Release|x64 = Release|x64
		Release|x86 = Release|x86
	EndGlobalSection
	GlobalSection(ProjectConfigurationPlatforms) = postSolution
		{0D065691-C2A5-49FE-8565-F73253EBD5F3}.Debug|x64.ActiveCfg = Debug|x64
		{0D065691-C2A5-49FE-8565-F73253EBD5F3}.Debug|x64.Build.0 = Debug|x64
		{0D065691-C2A5-49FE-8565-F73253EBD5F3}.Debug|x86.ActiveCfg = Debug|Win32
		{0D065691-C2A5-49FE-8565-F73253EBD5F3}.Debug|x86.Build.0 = Debug|Win32
		{0D065691-C2A5-49FE-8565-F73253EBD5F3}.Release|x64.ActiveCfg = Release|x64
		{0D065691-C2A5-49FE-8565-F73253EBD5F3}.Release|x64.Build.0 = Release|x64
		{0D065691-C2A5-49FE-8565-F73253EBD5F3}.Release|x86.ActiveCfg = Release|Win32
		{0D065691-C2A5-49FE-8565-F73253EBD5F3}.Release|x86.Build.0 = Release|Win32
		{43B4ED65-C86F-4DA8-812C-6F8B29AB9D4F}.Debug|x64.ActiveCfg = Debug|x64
		{43B4ED65-C86F-4DA8-812C-6F8B29AB9D4F}.Debug|x64.Build.0 = Debug|x64
		{43B4ED65-C86F-4DA8-812C-6F8B29AB9D4F}.Debug|x86.ActiveCfg = Debug|Win32
		{43B4ED65-C86F-4DA8-812C-6F8B29AB9D4F}.Debug|x86.Build.0 = Debug|Win32
		{43B4ED65-C86F-4DA8-812C-6F8B29AB9D4F}.Release|x64.ActiveCfg = Release|x64
		{43B4ED65-C86F-4DA8-812C-6F8B29AB9D4F}.Release|x64.Build.0 = Release|x64
		{43B4ED65-C86F-4DA8-812C-6F8B29AB9D4F}.Release|x86.ActiveCfg = Release|Win32
		{43B4ED65-C86F-4DA8-812C-6F8B29AB9D4F}.Release|x86.Build.0 = Release|Win32
		{68506EC7-ADD3-4243-A239-EF9B4E6EBE1C}.Debug|x64.ActiveCfg = Debug|x64
		{68506EC7-ADD3-4243-A239-EF9B4E6EBE1C}.Debug|x64.Build.0 = Debug|x64
		{68506EC7-ADD3-4243-A239-EF9B4E6EBE1C}.Debug|x86.ActiveCfg = Debug|Win32
		{68506EC7-ADD3-4243-A239-EF9B4E6EBE1C}.Debug|x86.Build.0 = Debug|Win32
		{68506EC7-ADD3-4243-A239-EF9B4E6EBE1C}.Release|x64.ActiveCfg = Release|x64
		{68506EC7-ADD3-4243-A239-EF9B4E6EBE1C}.Release|x64.Build.0 = Release|x64
		{68506EC7-ADD3-4243-A239-EF9B4E6EBE1C}.Release|x86.ActiveCfg = Release|Win32
		{68506EC7-ADD3-4243-A239-EF9B4E6EBE1C}.Release|x86.Build.0 = Release|Win32
		{0799F083-5D7A-4B8B-84BE-2D39FBA46295}.Debug|x64.ActiveCfg = Debug|x64
		{0799F083-5D7A-4B8B-84BE-2D39FBA46295}.Debug|x64.Build.0 = Debug|x64
		{0799F083-5D7A-4B8B-84BE-2D39FBA46295}.Debug|x86.ActiveCfg = Debug|Win32
		{0799F083-5D7A-4B8B-84BE-2D39FBA46295}.Debug|x86.Build.0 = Debug|Win32
		{0799F083-5D7A-4B8B-84BE-2D39FBA46295}.Release|x64.ActiveCfg = Release|x64
		{0799F083-5D7A-4B8B-84BE-2D39FBA46295}.Release|x64.Build.0 = Release|x64
		{0799F083-5D7A-4B8B-84BE-2D39FBA46295}.Release|x86.ActiveCfg = Release|Win32
		{0799F083-5D7A-4B8B-84BE-2D39FBA46295}.Release|x86.Build.0 = Release|Win32
		{6AD071A0-29BF-4292-879B-698F1E68E5D8}.Debug|x64.ActiveCfg = Debug|x64
		{6AD071A0-29BF-4292-879B-698F1E68E5D8}.Debug|x64.Build.0 = Debug|x64
		{6AD071A0-29BF-4292-879B-698F1E68E5D8}.Debug|x86.ActiveCfg = Debug|Win32
		{6AD071A0-29BF-4292-879B-698F1E68E5D8}.Debug|x86.Build.0 = Debug|Win32
		{6AD071A0-29BF-4292-879B-698F1E68E5D8}.Release|x64.ActiveCfg = Release|x64
		{6AD071A0-29BF-4292-879B-698F1E68E5D8}.Release|x64.Build.0 = Release|x64
		{6AD071A0-29BF-4292-879B-698F1E68E5D8}.Release|x86.ActiveCfg = Release|Win32
		{6AD071A0-29BF-4292-879B-698F1E68E5D8}.Release|x86.Build.0 = Release|Win32
		{11A9CA09-A728-4530-86F4-EB3CD91BE9C2}.Debug|x64.ActiveCfg = Debug|x64
		{11A9CA09-A728-4530-86F4-EB3CD91BE9C2}.Debug|x64.Build.0 = Debug|x64
		{11A9CA09-A728-4530-86F4-EB3CD91BE9C2}.Debug|x86.ActiveCfg = Debug|Win32
		{11A9CA09-A728-4530-86F4-EB3CD91BE9C2}.Debug|x86.Build.0 = Debug|Win32
		{11A9CA09-A728-4530-86F4-EB3CD91BE9C2}.Release|x64.ActiveCfg = Release|x64
		{11A9CA09-A728-4530-86F4-EB3CD91BE9C2}.Release|x64.Build.0 = Release|x64
		{11A9CA09-A728-4530-86F4-EB3CD91BE9C2}.Release|x86.ActiveCfg = Release|Win32
		{11A9CA09-A728-4530-86F4-EB3CD91BE9C2}.Release|x86.Build.0 = Release|Win32
		{8367B16B-027F-4783-A520-1412153D9C44}.Debug|x64.ActiveCfg = Debug|x64
		{8367B16B-027F-4783-A520-1412153D9C44}.Debug|x64.Build.0 = Debug|x64
		{8367B16B-027F-4783-A520-1412153D9C44}.Debug|x86.ActiveCfg = Debug|Win32
		{8367B16B-027F-4783-A520-1412153D9C44}.Debug|x86.Build.0 = Debug|Win32
		{8367B16B-027F-4783-A520-1412153D9C44}.Release|x64.ActiveCfg = Release|x64
		{8367B16B-027F-4783-A520-1412153D9C44}.Release|x64.Build.0 = Release|x64
		{8367B16B-027F-4783-A520-1412153D9C44}.Release|x86.ActiveCfg = Release|Win32
		{8367B16B-027F-4783-A520-1412153D9C44}.Release|x86.Build.0 = Release|Win32
		{02CAFFD9-E588-4ECC-A05B-1860601A7FC6}.Debug|x64.ActiveCfg = Debug|x64
		{02CAFFD9-E588-4ECC-A05B-1860601A7FC6}.Debug|x64.Build.0 = Debug|x64
		{02CAFFD9-E588-4ECC-A05B-1860601A7FC6}.Debug|x86.ActiveCfg = Debug|Win32
		{02CAFFD9-E588-4ECC-A05B-1860601A7FC6}.Debug|x86.Build.0 = Debug|Win32
		{02CAFFD9-E588-4ECC-A05B-1860601A7FC6}.Release|x64.ActiveCfg = Release|x64
		{02CAFFD9-E588-4ECC-A05B-1860601A7FC6}.Release|x64.Build.0 = Release|x64
		{02CAFFD9-E588-4ECC-A05B-1860601A7FC6}.Release|x86.ActiveCfg = Release|Win32
		{02CAFFD9-E588-4ECC-A05B-1860601A7FC6}.Release|x86.Build.0 = Release|Win32
		{3B4F74B6-3474-421A-9C7B-F8FE1B34737F}.Debug|x64.ActiveCfg = Debug|x64
		{3B4F74B6-3474-421A-9C7B-F8FE1B34737F}.Debug|x64.Build.0 = Debug|x64
		{3B4F74B6-3474-421A-9C7B-F8FE1B34737F}.Debug|x86.ActiveCfg = Debug|Win32
		{3B4F74B6-3474-421A-9C7B-F8FE1B34737F}.Debug|x86.Build.0 = Debug|Win32
		{3B4F74B6-3474-421A-9C7B-F8FE1B34737F}.Release|x64.ActiveCfg = Release|x64
		{3B4F74B6-3474-421A-9C7B-F8FE1B34737F}.Release|x64.Build.0 = Release|x64
		{3B4F74B6-3474-421A-9C7B-F8FE1B34737F}.Release|x86.ActiveCfg = Release|Win32
		{3B4F74B6-3474-421A-9C7B-F8FE1B34737F}.Release|x86.Build.0 = Release|Win32
		{C0993F62-1FFA-410A-880A-339379157708}.Debug|x64.ActiveCfg = Debug|x64
		{C0993F62-1FFA-410A-880A-339379157708}.Debug|x64.Build.0 = Debug|x64
		{C0993F62-1FFA-410A-880A-339379157708}.Debug|x86.ActiveCfg = Debug|Win32
		{C0993F62-1FFA-410A-880A-339379157708}.Debug|x86.Build.0 = Debug|Win32
		{C0993F62-1FFA-410A-880A-339379157708}.Release|x64.ActiveCfg = Release|x64
		{C0993F62-1FFA-410A-880A-339379157708}.Release|x64.Build.0 = Release|x64
		{C0993F62-1FFA-410A-880A-339379157708}.Release|x86.ActiveCfg = Release|Win32
		{C0993F62-1FFA-410A-880A-339379157708}.Release|x86.Build.0 = Release|Win32
	EndGlobalSection
	GlobalSection(SolutionProperties) = preSolution
		HideSolutionNode = FALSE
	EndGlobalSection
	GlobalSection(ExtensibilityGlobals) = postSolution
		SolutionGuid = {5A2AECCD-6ADC-4F79-A7AC-A815A100C170}
	EndGlobalSection
EndGlobal
