
Microsoft Visual Studio Solution File, Format Version 12.00
# Visual Studio Version 16
VisualStudioVersion = 16.0.31410.357
MinimumVisualStudioVersion = 10.0.40219.1
Project("{8BC9CEB8-8B4A-11D0-8D11-00A0C91BC942}") = "Lesson1", "Lesson1\Lesson1.vcxproj", "{96009DF3-3BCF-46EA-ACBF-9DB862053479}"
EndProject
Project("{8BC9CEB8-8B4A-11D0-8D11-00A0C91BC942}") = "Lesson2", "Lesson2\Lesson2.vcxproj", "{08B464DA-928F-41F3-8D69-B1E6E9595334}"
EndProject
Project("{8BC9CEB8-8B4A-11D0-8D11-00A0C91BC942}") = "Lesson3", "Lesson3\Lesson3.vcxproj", "{D981E07F-1CE9-4070-8F40-05FEDEF7F405}"
EndProject
Project("{8BC9CEB8-8B4A-11D0-8D11-00A0C91BC942}") = "Lesson4", "Lesson4\Lesson4.vcxproj", "{E6ADAC2E-80A3-4445-9141-C51C3B9165EF}"
EndProject
Project("{8BC9CEB8-8B4A-11D0-8D11-00A0C91BC942}") = "Lesson5", "Lesson5\Lesson5.vcxproj", "{B95F79C2-7E47-4E95-A3C8-44FB27C89A7B}"
EndProject
Project("{8BC9CEB8-8B4A-11D0-8D11-00A0C91BC942}") = "Lesson6", "Lesson6\Lesson6.vcxproj", "{E2A03F66-C2E3-461D-9D82-FA7C7F362883}"
EndProject
Project("{8BC9CEB8-8B4A-11D0-8D11-00A0C91BC942}") = "Lesson7", "Lesson7\Lesson7.vcxproj", "{D8EACE95-9865-475F-9934-A35E21666FAF}"
EndProject
Project("{8BC9CEB8-8B4A-11D0-8D11-00A0C91BC942}") = "Lesson8", "Lesson8\Lesson8.vcxproj", "{A1A4FCB2-3B63-42DF-8D60-9A70CCDD46BF}"
EndProject
Project("{8BC9CEB8-8B4A-11D0-8D11-00A0C91BC942}") = "Lesson9", "Lesson9\Lesson9.vcxproj", "{B92B9DEF-8C83-40E9-BEBD-5AC7FDF51949}"
EndProject
Project("{8BC9CEB8-8B4A-11D0-8D11-00A0C91BC942}") = "Lessons10", "Lessons10\Lessons10.vcxproj", "{F368FD86-B0F3-47D0-8443-F367EC75EF1A}"
EndProject
Project("{8BC9CEB8-8B4A-11D0-8D11-00A0C91BC942}") = "Lessons11", "Lessons11\Lessons11.vcxproj", "{B8C297D6-B7AD-43F3-9555-634AADBCE3BD}"
EndProject
Project("{8BC9CEB8-8B4A-11D0-8D11-00A0C91BC942}") = "Lessons12", "Lessons12\Lessons12.vcxproj", "{CB2F67D7-C4F1-4B09-AFCF-92BFB3CFEC59}"
EndProject
Global
	GlobalSection(SolutionConfigurationPlatforms) = preSolution
		Debug|x64 = Debug|x64
		Debug|x86 = Debug|x86
		Release|x64 = Release|x64
		Release|x86 = Release|x86
	EndGlobalSection
	GlobalSection(ProjectConfigurationPlatforms) = postSolution
		{96009DF3-3BCF-46EA-ACBF-9DB862053479}.Debug|x64.ActiveCfg = Debug|x64
		{96009DF3-3BCF-46EA-ACBF-9DB862053479}.Debug|x64.Build.0 = Debug|x64
		{96009DF3-3BCF-46EA-ACBF-9DB862053479}.Debug|x86.ActiveCfg = Debug|Win32
		{96009DF3-3BCF-46EA-ACBF-9DB862053479}.Debug|x86.Build.0 = Debug|Win32
		{96009DF3-3BCF-46EA-ACBF-9DB862053479}.Release|x64.ActiveCfg = Release|x64
		{96009DF3-3BCF-46EA-ACBF-9DB862053479}.Release|x64.Build.0 = Release|x64
		{96009DF3-3BCF-46EA-ACBF-9DB862053479}.Release|x86.ActiveCfg = Release|Win32
		{96009DF3-3BCF-46EA-ACBF-9DB862053479}.Release|x86.Build.0 = Release|Win32
		{08B464DA-928F-41F3-8D69-B1E6E9595334}.Debug|x64.ActiveCfg = Debug|x64
		{08B464DA-928F-41F3-8D69-B1E6E9595334}.Debug|x64.Build.0 = Debug|x64
		{08B464DA-928F-41F3-8D69-B1E6E9595334}.Debug|x86.ActiveCfg = Debug|Win32
		{08B464DA-928F-41F3-8D69-B1E6E9595334}.Debug|x86.Build.0 = Debug|Win32
		{08B464DA-928F-41F3-8D69-B1E6E9595334}.Release|x64.ActiveCfg = Release|x64
		{08B464DA-928F-41F3-8D69-B1E6E9595334}.Release|x64.Build.0 = Release|x64
		{08B464DA-928F-41F3-8D69-B1E6E9595334}.Release|x86.ActiveCfg = Release|Win32
		{08B464DA-928F-41F3-8D69-B1E6E9595334}.Release|x86.Build.0 = Release|Win32
		{D981E07F-1CE9-4070-8F40-05FEDEF7F405}.Debug|x64.ActiveCfg = Debug|x64
		{D981E07F-1CE9-4070-8F40-05FEDEF7F405}.Debug|x64.Build.0 = Debug|x64
		{D981E07F-1CE9-4070-8F40-05FEDEF7F405}.Debug|x86.ActiveCfg = Debug|Win32
		{D981E07F-1CE9-4070-8F40-05FEDEF7F405}.Debug|x86.Build.0 = Debug|Win32
		{D981E07F-1CE9-4070-8F40-05FEDEF7F405}.Release|x64.ActiveCfg = Release|x64
		{D981E07F-1CE9-4070-8F40-05FEDEF7F405}.Release|x64.Build.0 = Release|x64
		{D981E07F-1CE9-4070-8F40-05FEDEF7F405}.Release|x86.ActiveCfg = Release|Win32
		{D981E07F-1CE9-4070-8F40-05FEDEF7F405}.Release|x86.Build.0 = Release|Win32
		{E6ADAC2E-80A3-4445-9141-C51C3B9165EF}.Debug|x64.ActiveCfg = Debug|x64
		{E6ADAC2E-80A3-4445-9141-C51C3B9165EF}.Debug|x64.Build.0 = Debug|x64
		{E6ADAC2E-80A3-4445-9141-C51C3B9165EF}.Debug|x86.ActiveCfg = Debug|Win32
		{E6ADAC2E-80A3-4445-9141-C51C3B9165EF}.Debug|x86.Build.0 = Debug|Win32
		{E6ADAC2E-80A3-4445-9141-C51C3B9165EF}.Release|x64.ActiveCfg = Release|x64
		{E6ADAC2E-80A3-4445-9141-C51C3B9165EF}.Release|x64.Build.0 = Release|x64
		{E6ADAC2E-80A3-4445-9141-C51C3B9165EF}.Release|x86.ActiveCfg = Release|Win32
		{E6ADAC2E-80A3-4445-9141-C51C3B9165EF}.Release|x86.Build.0 = Release|Win32
		{B95F79C2-7E47-4E95-A3C8-44FB27C89A7B}.Debug|x64.ActiveCfg = Debug|x64
		{B95F79C2-7E47-4E95-A3C8-44FB27C89A7B}.Debug|x64.Build.0 = Debug|x64
		{B95F79C2-7E47-4E95-A3C8-44FB27C89A7B}.Debug|x86.ActiveCfg = Debug|Win32
		{B95F79C2-7E47-4E95-A3C8-44FB27C89A7B}.Debug|x86.Build.0 = Debug|Win32
		{B95F79C2-7E47-4E95-A3C8-44FB27C89A7B}.Release|x64.ActiveCfg = Release|x64
		{B95F79C2-7E47-4E95-A3C8-44FB27C89A7B}.Release|x64.Build.0 = Release|x64
		{B95F79C2-7E47-4E95-A3C8-44FB27C89A7B}.Release|x86.ActiveCfg = Release|Win32
		{B95F79C2-7E47-4E95-A3C8-44FB27C89A7B}.Release|x86.Build.0 = Release|Win32
		{E2A03F66-C2E3-461D-9D82-FA7C7F362883}.Debug|x64.ActiveCfg = Debug|x64
		{E2A03F66-C2E3-461D-9D82-FA7C7F362883}.Debug|x64.Build.0 = Debug|x64
		{E2A03F66-C2E3-461D-9D82-FA7C7F362883}.Debug|x86.ActiveCfg = Debug|Win32
		{E2A03F66-C2E3-461D-9D82-FA7C7F362883}.Debug|x86.Build.0 = Debug|Win32
		{E2A03F66-C2E3-461D-9D82-FA7C7F362883}.Release|x64.ActiveCfg = Release|x64
		{E2A03F66-C2E3-461D-9D82-FA7C7F362883}.Release|x64.Build.0 = Release|x64
		{E2A03F66-C2E3-461D-9D82-FA7C7F362883}.Release|x86.ActiveCfg = Release|Win32
		{E2A03F66-C2E3-461D-9D82-FA7C7F362883}.Release|x86.Build.0 = Release|Win32
		{D8EACE95-9865-475F-9934-A35E21666FAF}.Debug|x64.ActiveCfg = Debug|x64
		{D8EACE95-9865-475F-9934-A35E21666FAF}.Debug|x64.Build.0 = Debug|x64
		{D8EACE95-9865-475F-9934-A35E21666FAF}.Debug|x86.ActiveCfg = Debug|Win32
		{D8EACE95-9865-475F-9934-A35E21666FAF}.Debug|x86.Build.0 = Debug|Win32
		{D8EACE95-9865-475F-9934-A35E21666FAF}.Release|x64.ActiveCfg = Release|x64
		{D8EACE95-9865-475F-9934-A35E21666FAF}.Release|x64.Build.0 = Release|x64
		{D8EACE95-9865-475F-9934-A35E21666FAF}.Release|x86.ActiveCfg = Release|Win32
		{D8EACE95-9865-475F-9934-A35E21666FAF}.Release|x86.Build.0 = Release|Win32
		{A1A4FCB2-3B63-42DF-8D60-9A70CCDD46BF}.Debug|x64.ActiveCfg = Debug|x64
		{A1A4FCB2-3B63-42DF-8D60-9A70CCDD46BF}.Debug|x64.Build.0 = Debug|x64
		{A1A4FCB2-3B63-42DF-8D60-9A70CCDD46BF}.Debug|x86.ActiveCfg = Debug|Win32
		{A1A4FCB2-3B63-42DF-8D60-9A70CCDD46BF}.Debug|x86.Build.0 = Debug|Win32
		{A1A4FCB2-3B63-42DF-8D60-9A70CCDD46BF}.Release|x64.ActiveCfg = Release|x64
		{A1A4FCB2-3B63-42DF-8D60-9A70CCDD46BF}.Release|x64.Build.0 = Release|x64
		{A1A4FCB2-3B63-42DF-8D60-9A70CCDD46BF}.Release|x86.ActiveCfg = Release|Win32
		{A1A4FCB2-3B63-42DF-8D60-9A70CCDD46BF}.Release|x86.Build.0 = Release|Win32
		{B92B9DEF-8C83-40E9-BEBD-5AC7FDF51949}.Debug|x64.ActiveCfg = Debug|x64
		{B92B9DEF-8C83-40E9-BEBD-5AC7FDF51949}.Debug|x64.Build.0 = Debug|x64
		{B92B9DEF-8C83-40E9-BEBD-5AC7FDF51949}.Debug|x86.ActiveCfg = Debug|Win32
		{B92B9DEF-8C83-40E9-BEBD-5AC7FDF51949}.Debug|x86.Build.0 = Debug|Win32
		{B92B9DEF-8C83-40E9-BEBD-5AC7FDF51949}.Release|x64.ActiveCfg = Release|x64
		{B92B9DEF-8C83-40E9-BEBD-5AC7FDF51949}.Release|x64.Build.0 = Release|x64
		{B92B9DEF-8C83-40E9-BEBD-5AC7FDF51949}.Release|x86.ActiveCfg = Release|Win32
		{B92B9DEF-8C83-40E9-BEBD-5AC7FDF51949}.Release|x86.Build.0 = Release|Win32
		{F368FD86-B0F3-47D0-8443-F367EC75EF1A}.Debug|x64.ActiveCfg = Debug|x64
		{F368FD86-B0F3-47D0-8443-F367EC75EF1A}.Debug|x64.Build.0 = Debug|x64
		{F368FD86-B0F3-47D0-8443-F367EC75EF1A}.Debug|x86.ActiveCfg = Debug|Win32
		{F368FD86-B0F3-47D0-8443-F367EC75EF1A}.Debug|x86.Build.0 = Debug|Win32
		{F368FD86-B0F3-47D0-8443-F367EC75EF1A}.Release|x64.ActiveCfg = Release|x64
		{F368FD86-B0F3-47D0-8443-F367EC75EF1A}.Release|x64.Build.0 = Release|x64
		{F368FD86-B0F3-47D0-8443-F367EC75EF1A}.Release|x86.ActiveCfg = Release|Win32
		{F368FD86-B0F3-47D0-8443-F367EC75EF1A}.Release|x86.Build.0 = Release|Win32
		{B8C297D6-B7AD-43F3-9555-634AADBCE3BD}.Debug|x64.ActiveCfg = Debug|x64
		{B8C297D6-B7AD-43F3-9555-634AADBCE3BD}.Debug|x64.Build.0 = Debug|x64
		{B8C297D6-B7AD-43F3-9555-634AADBCE3BD}.Debug|x86.ActiveCfg = Debug|Win32
		{B8C297D6-B7AD-43F3-9555-634AADBCE3BD}.Debug|x86.Build.0 = Debug|Win32
		{B8C297D6-B7AD-43F3-9555-634AADBCE3BD}.Release|x64.ActiveCfg = Release|x64
		{B8C297D6-B7AD-43F3-9555-634AADBCE3BD}.Release|x64.Build.0 = Release|x64
		{B8C297D6-B7AD-43F3-9555-634AADBCE3BD}.Release|x86.ActiveCfg = Release|Win32
		{B8C297D6-B7AD-43F3-9555-634AADBCE3BD}.Release|x86.Build.0 = Release|Win32
		{CB2F67D7-C4F1-4B09-AFCF-92BFB3CFEC59}.Debug|x64.ActiveCfg = Debug|x64
		{CB2F67D7-C4F1-4B09-AFCF-92BFB3CFEC59}.Debug|x64.Build.0 = Debug|x64
		{CB2F67D7-C4F1-4B09-AFCF-92BFB3CFEC59}.Debug|x86.ActiveCfg = Debug|Win32
		{CB2F67D7-C4F1-4B09-AFCF-92BFB3CFEC59}.Debug|x86.Build.0 = Debug|Win32
		{CB2F67D7-C4F1-4B09-AFCF-92BFB3CFEC59}.Release|x64.ActiveCfg = Release|x64
		{CB2F67D7-C4F1-4B09-AFCF-92BFB3CFEC59}.Release|x64.Build.0 = Release|x64
		{CB2F67D7-C4F1-4B09-AFCF-92BFB3CFEC59}.Release|x86.ActiveCfg = Release|Win32
		{CB2F67D7-C4F1-4B09-AFCF-92BFB3CFEC59}.Release|x86.Build.0 = Release|Win32
	EndGlobalSection
	GlobalSection(SolutionProperties) = preSolution
		HideSolutionNode = FALSE
	EndGlobalSection
	GlobalSection(ExtensibilityGlobals) = postSolution
		SolutionGuid = {29BDEB08-1F7C-415D-B4F6-311E70B15082}
	EndGlobalSection
EndGlobal
