
Microsoft Visual Studio Solution File, Format Version 12.00
# Visual Studio Version 16
VisualStudioVersion = 16.0.31410.357
MinimumVisualStudioVersion = 10.0.40219.1
Project("{8BC9CEB8-8B4A-11D0-8D11-00A0C91BC942}") = "Lesson1", "Lesson1\Lesson1.vcxproj", "{AC898B14-5568-4223-9A61-1AA85F1FDF1E}"
EndProject
Project("{8BC9CEB8-8B4A-11D0-8D11-00A0C91BC942}") = "Lesson2", "Lesson2\Lesson2.vcxproj", "{4055D9A6-5821-4838-95C9-3B687871B725}"
EndProject
Global
	GlobalSection(SolutionConfigurationPlatforms) = preSolution
		Debug|x64 = Debug|x64
		Debug|x86 = Debug|x86
		Release|x64 = Release|x64
		Release|x86 = Release|x86
	EndGlobalSection
	GlobalSection(ProjectConfigurationPlatforms) = postSolution
		{AC898B14-5568-4223-9A61-1AA85F1FDF1E}.Debug|x64.ActiveCfg = Debug|x64
		{AC898B14-5568-4223-9A61-1AA85F1FDF1E}.Debug|x64.Build.0 = Debug|x64
		{AC898B14-5568-4223-9A61-1AA85F1FDF1E}.Debug|x86.ActiveCfg = Debug|Win32
		{AC898B14-5568-4223-9A61-1AA85F1FDF1E}.Debug|x86.Build.0 = Debug|Win32
		{AC898B14-5568-4223-9A61-1AA85F1FDF1E}.Release|x64.ActiveCfg = Release|x64
		{AC898B14-5568-4223-9A61-1AA85F1FDF1E}.Release|x64.Build.0 = Release|x64
		{AC898B14-5568-4223-9A61-1AA85F1FDF1E}.Release|x86.ActiveCfg = Release|Win32
		{AC898B14-5568-4223-9A61-1AA85F1FDF1E}.Release|x86.Build.0 = Release|Win32
		{4055D9A6-5821-4838-95C9-3B687871B725}.Debug|x64.ActiveCfg = Debug|x64
		{4055D9A6-5821-4838-95C9-3B687871B725}.Debug|x64.Build.0 = Debug|x64
		{4055D9A6-5821-4838-95C9-3B687871B725}.Debug|x86.ActiveCfg = Debug|Win32
		{4055D9A6-5821-4838-95C9-3B687871B725}.Debug|x86.Build.0 = Debug|Win32
		{4055D9A6-5821-4838-95C9-3B687871B725}.Release|x64.ActiveCfg = Release|x64
		{4055D9A6-5821-4838-95C9-3B687871B725}.Release|x64.Build.0 = Release|x64
		{4055D9A6-5821-4838-95C9-3B687871B725}.Release|x86.ActiveCfg = Release|Win32
		{4055D9A6-5821-4838-95C9-3B687871B725}.Release|x86.Build.0 = Release|Win32
	EndGlobalSection
	GlobalSection(SolutionProperties) = preSolution
		HideSolutionNode = FALSE
	EndGlobalSection
	GlobalSection(ExtensibilityGlobals) = postSolution
		SolutionGuid = {375DBC85-69E4-47BD-ACB0-85461F249E10}
	EndGlobalSection
EndGlobal
